
Microsoft Visual Studio Solution File, Format Version 12.00
# Visual Studio Version 17
VisualStudioVersion = 17.7.34024.191
MinimumVisualStudioVersion = 10.0.40219.1
Project("{FAE04EC0-301F-11D3-BF4B-00C04F79EFBC}") = "Sikidom", "Sikidom\Sikidom.csproj", "{BE3F5530-F9A7-4903-A3DE-0B5DD7EEADD2}"
EndProject
Global
	GlobalSection(SolutionConfigurationPlatforms) = preSolution
		Debug|Any CPU = Debug|Any CPU
		Release|Any CPU = Release|Any CPU
	EndGlobalSection
	GlobalSection(ProjectConfigurationPlatforms) = postSolution
		{BE3F5530-F9A7-4903-A3DE-0B5DD7EEADD2}.Debug|Any CPU.ActiveCfg = Debug|Any CPU
		{BE3F5530-F9A7-4903-A3DE-0B5DD7EEADD2}.Debug|Any CPU.Build.0 = Debug|Any CPU
		{BE3F5530-F9A7-4903-A3DE-0B5DD7EEADD2}.Release|Any CPU.ActiveCfg = Release|Any CPU
		{BE3F5530-F9A7-4903-A3DE-0B5DD7EEADD2}.Release|Any CPU.Build.0 = Release|Any CPU
	EndGlobalSection
	GlobalSection(SolutionProperties) = preSolution
		HideSolutionNode = FALSE
	EndGlobalSection
	GlobalSection(ExtensibilityGlobals) = postSolution
		SolutionGuid = {CC49FEFF-DB69-4B92-9F91-3FC92B6656E9}
	EndGlobalSection
EndGlobal
